
Microsoft Visual Studio Solution File, Format Version 12.00
# Visual Studio Version 16
VisualStudioVersion = 16.0.30413.136
MinimumVisualStudioVersion = 10.0.40219.1
Project("{9A19103F-16F7-4668-BE54-9A1E7A4F7556}") = "WebApplication", "WebApplication\WebApplication.csproj", "{D4977111-307F-4367-B4D6-C79F64AC8383}"
EndProject
Project("{9A19103F-16F7-4668-BE54-9A1E7A4F7556}") = "Lab2", "Lab2\Lab2.csproj", "{A4749433-13DB-4987-B1CC-67D4FBBC61A1}"
EndProject
Project("{9A19103F-16F7-4668-BE54-9A1E7A4F7556}") = "CRUD1WebApi", "CRUD1WebApi\CRUD1WebApi.csproj", "{C0E05205-C1E0-4FC3-A8F6-9AFE0849E649}"
EndProject
Project("{FAE04EC0-301F-11D3-BF4B-00C04F79EFBC}") = "CRUDActionResult", "CRUDActionResult\CRUDActionResult.csproj", "{DC7686EC-BF40-40EF-B514-DE356C0DAA31}"
EndProject
Global
	GlobalSection(SolutionConfigurationPlatforms) = preSolution
		Debug|Any CPU = Debug|Any CPU
		Release|Any CPU = Release|Any CPU
	EndGlobalSection
	GlobalSection(ProjectConfigurationPlatforms) = postSolution
		{D4977111-307F-4367-B4D6-C79F64AC8383}.Debug|Any CPU.ActiveCfg = Debug|Any CPU
		{D4977111-307F-4367-B4D6-C79F64AC8383}.Debug|Any CPU.Build.0 = Debug|Any CPU
		{D4977111-307F-4367-B4D6-C79F64AC8383}.Release|Any CPU.ActiveCfg = Release|Any CPU
		{D4977111-307F-4367-B4D6-C79F64AC8383}.Release|Any CPU.Build.0 = Release|Any CPU
		{A4749433-13DB-4987-B1CC-67D4FBBC61A1}.Debug|Any CPU.ActiveCfg = Debug|Any CPU
		{A4749433-13DB-4987-B1CC-67D4FBBC61A1}.Debug|Any CPU.Build.0 = Debug|Any CPU
		{A4749433-13DB-4987-B1CC-67D4FBBC61A1}.Release|Any CPU.ActiveCfg = Release|Any CPU
		{A4749433-13DB-4987-B1CC-67D4FBBC61A1}.Release|Any CPU.Build.0 = Release|Any CPU
		{C0E05205-C1E0-4FC3-A8F6-9AFE0849E649}.Debug|Any CPU.ActiveCfg = Debug|Any CPU
		{C0E05205-C1E0-4FC3-A8F6-9AFE0849E649}.Debug|Any CPU.Build.0 = Debug|Any CPU
		{C0E05205-C1E0-4FC3-A8F6-9AFE0849E649}.Release|Any CPU.ActiveCfg = Release|Any CPU
		{C0E05205-C1E0-4FC3-A8F6-9AFE0849E649}.Release|Any CPU.Build.0 = Release|Any CPU
		{DC7686EC-BF40-40EF-B514-DE356C0DAA31}.Debug|Any CPU.ActiveCfg = Debug|Any CPU
		{DC7686EC-BF40-40EF-B514-DE356C0DAA31}.Debug|Any CPU.Build.0 = Debug|Any CPU
		{DC7686EC-BF40-40EF-B514-DE356C0DAA31}.Release|Any CPU.ActiveCfg = Release|Any CPU
		{DC7686EC-BF40-40EF-B514-DE356C0DAA31}.Release|Any CPU.Build.0 = Release|Any CPU
	EndGlobalSection
	GlobalSection(SolutionProperties) = preSolution
		HideSolutionNode = FALSE
	EndGlobalSection
	GlobalSection(ExtensibilityGlobals) = postSolution
		SolutionGuid = {89213F76-349F-46E3-A788-FF23A282FBA3}
	EndGlobalSection
EndGlobal
